
Microsoft Visual Studio Solution File, Format Version 12.00
# Visual Studio 2015
Project("{FAE04EC0-301F-11D3-BF4B-00C04F79EFBC}") = "Dynamics project.CSharp", "Dynamics project.CSharp.csproj", "{2DA5788A-8420-DEBE-DDE2-1ABDAC754EDF}"
EndProject
Project("{FAE04EC0-301F-11D3-BF4B-00C04F79EFBC}") = "Dynamics project.CSharp.Editor", "Dynamics project.CSharp.Editor.csproj", "{C8C6DC65-47FD-D62F-7F99-AEA5C17A928C}"
EndProject
Global
	GlobalSection(SolutionConfigurationPlatforms) = preSolution
		Debug|Any CPU = Debug|Any CPU
		Release|Any CPU = Release|Any CPU
	EndGlobalSection
	GlobalSection(ProjectConfigurationPlatforms) = postSolution
		{2DA5788A-8420-DEBE-DDE2-1ABDAC754EDF}.Debug|Any CPU.ActiveCfg = Debug|Any CPU
		{2DA5788A-8420-DEBE-DDE2-1ABDAC754EDF}.Debug|Any CPU.Build.0 = Debug|Any CPU
		{2DA5788A-8420-DEBE-DDE2-1ABDAC754EDF}.Release|Any CPU.ActiveCfg = Release|Any CPU
		{2DA5788A-8420-DEBE-DDE2-1ABDAC754EDF}.Release|Any CPU.Build.0 = Release|Any CPU
		{C8C6DC65-47FD-D62F-7F99-AEA5C17A928C}.Debug|Any CPU.ActiveCfg = Debug|Any CPU
		{C8C6DC65-47FD-D62F-7F99-AEA5C17A928C}.Debug|Any CPU.Build.0 = Debug|Any CPU
		{C8C6DC65-47FD-D62F-7F99-AEA5C17A928C}.Release|Any CPU.ActiveCfg = Release|Any CPU
		{C8C6DC65-47FD-D62F-7F99-AEA5C17A928C}.Release|Any CPU.Build.0 = Release|Any CPU
	EndGlobalSection
	GlobalSection(SolutionProperties) = preSolution
		HideSolutionNode = FALSE
	EndGlobalSection
EndGlobal
